// !$*UTF8*$!
{
	archiveVersion = 1;
	classes = {
	};
	objectVersion = 46;
	objects = {

/* Begin PBXBuildFile section */
		1A83078D1C33F5E100A2F204 /* main.c in Sources */ = {isa = PBXBuildFile; fileRef = 1A83078C1C33F5E100A2F204 /* main.c */; };
		1A8307961C33F5EF00A2F204 /* sqlite3.c in Sources */ = {isa = PBXBuildFile; fileRef = 1A8307931C33F5EF00A2F204 /* sqlite3.c */; };
		1A8307991C3401F500A2F204 /* studentdb.c in Sources */ = {isa = PBXBuildFile; fileRef = 1A8307971C3401F500A2F204 /* studentdb.c */; };
		1A8307A01C3406E700A2F204 /* model.c in Sources */ = {isa = PBXBuildFile; fileRef = 1A83079E1C3406E700A2F204 /* model.c */; };
		1A8307A31C3759BA00A2F204 /* organization_list.c in Sources */ = {isa = PBXBuildFile; fileRef = 1A8307A11C3759BA00A2F204 /* organization_list.c */; };
		1A8307A61C3759CD00A2F204 /* student_list.c in Sources */ = {isa = PBXBuildFile; fileRef = 1A8307A41C3759CD00A2F204 /* student_list.c */; };
		1A8307A91C375A4C00A2F204 /* list.c in Sources */ = {isa = PBXBuildFile; fileRef = 1A8307A71C375A4C00A2F204 /* list.c */; };
		1A8307DA1C3A359400A2F204 /* ctrycatch.c in Sources */ = {isa = PBXBuildFile; fileRef = 1A8307D81C3A359400A2F204 /* ctrycatch.c */; };
/* End PBXBuildFile section */

/* Begin PBXCopyFilesBuildPhase section */
		1A8307871C33F5E000A2F204 /* CopyFiles */ = {
			isa = PBXCopyFilesBuildPhase;
			buildActionMask = 2147483647;
			dstPath = /usr/share/man/man1/;
			dstSubfolderSpec = 0;
			files = (
			);
			runOnlyForDeploymentPostprocessing = 1;
		};
		1A8307B41C39537900A2F204 /* CopyFiles */ = {
			isa = PBXCopyFilesBuildPhase;
			buildActionMask = 2147483647;
			dstPath = /usr/share/man/man1/;
			dstSubfolderSpec = 0;
			files = (
			);
			runOnlyForDeploymentPostprocessing = 1;
		};
/* End PBXCopyFilesBuildPhase section */

/* Begin PBXFileReference section */
		1A8307891C33F5E000A2F204 /* JStudentManager */ = {isa = PBXFileReference; explicitFileType = "compiled.mach-o.executable"; includeInIndex = 0; path = JStudentManager; sourceTree = BUILT_PRODUCTS_DIR; };
		1A83078C1C33F5E100A2F204 /* main.c */ = {isa = PBXFileReference; lastKnownFileType = sourcecode.c.c; path = main.c; sourceTree = "<group>"; };
		1A8307931C33F5EF00A2F204 /* sqlite3.c */ = {isa = PBXFileReference; fileEncoding = 4; lastKnownFileType = sourcecode.c.c; path = sqlite3.c; sourceTree = "<group>"; };
		1A8307941C33F5EF00A2F204 /* sqlite3.h */ = {isa = PBXFileReference; fileEncoding = 4; lastKnownFileType = sourcecode.c.h; path = sqlite3.h; sourceTree = "<group>"; };
		1A8307951C33F5EF00A2F204 /* sqlite3ext.h */ = {isa = PBXFileReference; fileEncoding = 4; lastKnownFileType = sourcecode.c.h; path = sqlite3ext.h; sourceTree = "<group>"; };
		1A8307971C3401F500A2F204 /* studentdb.c */ = {isa = PBXFileReference; fileEncoding = 4; lastKnownFileType = sourcecode.c.c; path = studentdb.c; sourceTree = "<group>"; };
		1A8307981C3401F500A2F204 /* studentdb.h */ = {isa = PBXFileReference; fileEncoding = 4; lastKnownFileType = sourcecode.c.h; path = studentdb.h; sourceTree = "<group>"; };
		1A83079A1C34023200A2F204 /* common.h */ = {isa = PBXFileReference; lastKnownFileType = sourcecode.c.h; path = common.h; sourceTree = "<group>"; };
		1A83079E1C3406E700A2F204 /* model.c */ = {isa = PBXFileReference; fileEncoding = 4; lastKnownFileType = sourcecode.c.c; path = model.c; sourceTree = "<group>"; };
		1A83079F1C3406E700A2F204 /* model.h */ = {isa = PBXFileReference; fileEncoding = 4; lastKnownFileType = sourcecode.c.h; path = model.h; sourceTree = "<group>"; };
		1A8307A11C3759BA00A2F204 /* organization_list.c */ = {isa = PBXFileReference; fileEncoding = 4; lastKnownFileType = sourcecode.c.c; path = organization_list.c; sourceTree = "<group>"; };
		1A8307A41C3759CD00A2F204 /* student_list.c */ = {isa = PBXFileReference; fileEncoding = 4; lastKnownFileType = sourcecode.c.c; path = student_list.c; sourceTree = "<group>"; };
		1A8307A71C375A4C00A2F204 /* list.c */ = {isa = PBXFileReference; fileEncoding = 4; lastKnownFileType = sourcecode.c.c; path = list.c; sourceTree = "<group>"; };
		1A8307A81C375A4C00A2F204 /* list.h */ = {isa = PBXFileReference; fileEncoding = 4; lastKnownFileType = sourcecode.c.h; path = list.h; sourceTree = "<group>"; };
		1A8307AA1C377A7900A2F204 /* templates.h */ = {isa = PBXFileReference; fileEncoding = 4; lastKnownFileType = sourcecode.c.h; path = templates.h; sourceTree = "<group>"; };
		1A8307AB1C37868500A2F204 /* student_list.h */ = {isa = PBXFileReference; lastKnownFileType = sourcecode.c.h; path = student_list.h; sourceTree = "<group>"; };
		1A8307AC1C37876100A2F204 /* organization_list.h */ = {isa = PBXFileReference; fileEncoding = 4; lastKnownFileType = sourcecode.c.h; path = organization_list.h; sourceTree = "<group>"; };
		1A8307B61C39537900A2F204 /* ErrorHandlerTest */ = {isa = PBXFileReference; explicitFileType = "compiled.mach-o.executable"; includeInIndex = 0; path = ErrorHandlerTest; sourceTree = BUILT_PRODUCTS_DIR; };
		1A8307D71C3A359400A2F204 /* ctrycatch_exception_types.conf */ = {isa = PBXFileReference; fileEncoding = 4; lastKnownFileType = text; name = ctrycatch_exception_types.conf; path = ctrycatch/ctrycatch_exception_types.conf; sourceTree = SOURCE_ROOT; };
		1A8307D81C3A359400A2F204 /* ctrycatch.c */ = {isa = PBXFileReference; fileEncoding = 4; lastKnownFileType = sourcecode.c.c; name = ctrycatch.c; path = ctrycatch/ctrycatch.c; sourceTree = SOURCE_ROOT; };
		1A8307D91C3A359400A2F204 /* ctrycatch.h */ = {isa = PBXFileReference; fileEncoding = 4; lastKnownFileType = sourcecode.c.h; name = ctrycatch.h; path = ctrycatch/ctrycatch.h; sourceTree = SOURCE_ROOT; };
/* End PBXFileReference section */

/* Begin PBXFrameworksBuildPhase section */
		1A8307861C33F5E000A2F204 /* Frameworks */ = {
			isa = PBXFrameworksBuildPhase;
			buildActionMask = 2147483647;
			files = (
			);
			runOnlyForDeploymentPostprocessing = 0;
		};
		1A8307B31C39537900A2F204 /* Frameworks */ = {
			isa = PBXFrameworksBuildPhase;
			buildActionMask = 2147483647;
			files = (
			);
			runOnlyForDeploymentPostprocessing = 0;
		};
/* End PBXFrameworksBuildPhase section */

/* Begin PBXGroup section */
		1A8307801C33F5E000A2F204 = {
			isa = PBXGroup;
			children = (
				1A83078B1C33F5E000A2F204 /* JStudentManager */,
				1A83078A1C33F5E000A2F204 /* Products */,
			);
			sourceTree = "<group>";
		};
		1A83078A1C33F5E000A2F204 /* Products */ = {
			isa = PBXGroup;
			children = (
				1A8307891C33F5E000A2F204 /* JStudentManager */,
				1A8307B61C39537900A2F204 /* ErrorHandlerTest */,
			);
			name = Products;
			sourceTree = "<group>";
		};
		1A83078B1C33F5E000A2F204 /* JStudentManager */ = {
			isa = PBXGroup;
			children = (
				1A83079A1C34023200A2F204 /* common.h */,
				1A8307DB1C3A359C00A2F204 /* CTryCatch */,
				1A8307DD1C3A35D000A2F204 /* lists */,
				1A83078C1C33F5E100A2F204 /* main.c */,
				1A83079E1C3406E700A2F204 /* model.c */,
				1A83079F1C3406E700A2F204 /* model.h */,
				1A8307DC1C3A35C200A2F204 /* SQLite3 */,
				1A8307971C3401F500A2F204 /* studentdb.c */,
				1A8307981C3401F500A2F204 /* studentdb.h */,
				1A8307AA1C377A7900A2F204 /* templates.h */,
			);
			path = JStudentManager;
			sourceTree = "<group>";
		};
		1A8307DB1C3A359C00A2F204 /* CTryCatch */ = {
			isa = PBXGroup;
			children = (
				1A8307D71C3A359400A2F204 /* ctrycatch_exception_types.conf */,
				1A8307D81C3A359400A2F204 /* ctrycatch.c */,
				1A8307D91C3A359400A2F204 /* ctrycatch.h */,
			);
			name = CTryCatch;
			sourceTree = "<group>";
		};
		1A8307DC1C3A35C200A2F204 /* SQLite3 */ = {
			isa = PBXGroup;
			children = (
				1A8307931C33F5EF00A2F204 /* sqlite3.c */,
				1A8307941C33F5EF00A2F204 /* sqlite3.h */,
				1A8307951C33F5EF00A2F204 /* sqlite3ext.h */,
			);
			name = SQLite3;
			sourceTree = "<group>";
		};
		1A8307DD1C3A35D000A2F204 /* lists */ = {
			isa = PBXGroup;
			children = (
				1A8307A11C3759BA00A2F204 /* organization_list.c */,
				1A8307AC1C37876100A2F204 /* organization_list.h */,
				1A8307A41C3759CD00A2F204 /* student_list.c */,
				1A8307AB1C37868500A2F204 /* student_list.h */,
				1A8307A71C375A4C00A2F204 /* list.c */,
				1A8307A81C375A4C00A2F204 /* list.h */,
			);
			name = lists;
			sourceTree = "<group>";
		};
/* End PBXGroup section */

/* Begin PBXNativeTarget section */
		1A8307881C33F5E000A2F204 /* JStudentManager */ = {
			isa = PBXNativeTarget;
			buildConfigurationList = 1A8307901C33F5E100A2F204 /* Build configuration list for PBXNativeTarget "JStudentManager" */;
			buildPhases = (
				1A8307851C33F5E000A2F204 /* Sources */,
				1A8307861C33F5E000A2F204 /* Frameworks */,
				1A8307871C33F5E000A2F204 /* CopyFiles */,
			);
			buildRules = (
			);
			dependencies = (
			);
			name = JStudentManager;
			productName = JStudentManager;
			productReference = 1A8307891C33F5E000A2F204 /* JStudentManager */;
			productType = "com.apple.product-type.tool";
		};
		1A8307B51C39537900A2F204 /* ErrorHandlerTest */ = {
			isa = PBXNativeTarget;
			buildConfigurationList = 1A8307BA1C39537900A2F204 /* Build configuration list for PBXNativeTarget "ErrorHandlerTest" */;
			buildPhases = (
				1A8307B21C39537900A2F204 /* Sources */,
				1A8307B31C39537900A2F204 /* Frameworks */,
				1A8307B41C39537900A2F204 /* CopyFiles */,
			);
			buildRules = (
			);
			dependencies = (
			);
			name = ErrorHandlerTest;
			productName = ErrorHandlerTest;
			productReference = 1A8307B61C39537900A2F204 /* ErrorHandlerTest */;
			productType = "com.apple.product-type.tool";
		};
/* End PBXNativeTarget section */

/* Begin PBXProject section */
		1A8307811C33F5E000A2F204 /* Project object */ = {
			isa = PBXProject;
			attributes = {
				LastUpgradeCheck = 0720;
				ORGANIZATIONNAME = "James Swineson";
				TargetAttributes = {
					1A8307881C33F5E000A2F204 = {
						CreatedOnToolsVersion = 7.2;
					};
					1A8307B51C39537900A2F204 = {
						CreatedOnToolsVersion = 7.2;
					};
				};
			};
			buildConfigurationList = 1A8307841C33F5E000A2F204 /* Build configuration list for PBXProject "JStudentManager" */;
			compatibilityVersion = "Xcode 3.2";
			developmentRegion = English;
			hasScannedForEncodings = 0;
			knownRegions = (
				en,
			);
			mainGroup = 1A8307801C33F5E000A2F204;
			productRefGroup = 1A83078A1C33F5E000A2F204 /* Products */;
			projectDirPath = "";
			projectRoot = "";
			targets = (
				1A8307881C33F5E000A2F204 /* JStudentManager */,
				1A8307B51C39537900A2F204 /* ErrorHandlerTest */,
			);
		};
/* End PBXProject section */

/* Begin PBXSourcesBuildPhase section */
		1A8307851C33F5E000A2F204 /* Sources */ = {
			isa = PBXSourcesBuildPhase;
			buildActionMask = 2147483647;
			files = (
				1A83078D1C33F5E100A2F204 /* main.c in Sources */,
				1A8307A01C3406E700A2F204 /* model.c in Sources */,
				1A8307DA1C3A359400A2F204 /* ctrycatch.c in Sources */,
				1A8307A31C3759BA00A2F204 /* organization_list.c in Sources */,
				1A8307991C3401F500A2F204 /* studentdb.c in Sources */,
				1A8307A91C375A4C00A2F204 /* list.c in Sources */,
				1A8307A61C3759CD00A2F204 /* student_list.c in Sources */,
				1A8307961C33F5EF00A2F204 /* sqlite3.c in Sources */,
			);
			runOnlyForDeploymentPostprocessing = 0;
		};
		1A8307B21C39537900A2F204 /* Sources */ = {
			isa = PBXSourcesBuildPhase;
			buildActionMask = 2147483647;
			files = (
			);
			runOnlyForDeploymentPostprocessing = 0;
		};
/* End PBXSourcesBuildPhase section */

/* Begin XCBuildConfiguration section */
		1A83078E1C33F5E100A2F204 /* Debug */ = {
			isa = XCBuildConfiguration;
			buildSettings = {
				ALWAYS_SEARCH_USER_PATHS = NO;
				CLANG_CXX_LANGUAGE_STANDARD = "gnu++0x";
				CLANG_CXX_LIBRARY = "libc++";
				CLANG_ENABLE_MODULES = YES;
				CLANG_ENABLE_OBJC_ARC = YES;
				CLANG_WARN_BOOL_CONVERSION = YES;
				CLANG_WARN_CONSTANT_CONVERSION = YES;
				CLANG_WARN_DIRECT_OBJC_ISA_USAGE = YES_ERROR;
				CLANG_WARN_EMPTY_BODY = YES;
				CLANG_WARN_ENUM_CONVERSION = YES;
				CLANG_WARN_INT_CONVERSION = YES;
				CLANG_WARN_OBJC_ROOT_CLASS = YES_ERROR;
				CLANG_WARN_UNREACHABLE_CODE = YES;
				CLANG_WARN__DUPLICATE_METHOD_MATCH = YES;
				CODE_SIGN_IDENTITY = "-";
				COPY_PHASE_STRIP = NO;
				DEBUG_INFORMATION_FORMAT = dwarf;
				ENABLE_STRICT_OBJC_MSGSEND = YES;
				ENABLE_TESTABILITY = YES;
				GCC_C_LANGUAGE_STANDARD = gnu99;
				GCC_DYNAMIC_NO_PIC = NO;
				GCC_NO_COMMON_BLOCKS = YES;
				GCC_OPTIMIZATION_LEVEL = 0;
				GCC_PREPROCESSOR_DEFINITIONS = (
					"DEBUG=1",
					"$(inherited)",
				);
				GCC_WARN_64_TO_32_BIT_CONVERSION = YES;
				GCC_WARN_ABOUT_RETURN_TYPE = YES_ERROR;
				GCC_WARN_UNDECLARED_SELECTOR = YES;
				GCC_WARN_UNINITIALIZED_AUTOS = YES_AGGRESSIVE;
				GCC_WARN_UNUSED_FUNCTION = YES;
				GCC_WARN_UNUSED_VARIABLE = YES;
				MACOSX_DEPLOYMENT_TARGET = 10.11;
				MTL_ENABLE_DEBUG_INFO = YES;
				ONLY_ACTIVE_ARCH = YES;
				SDKROOT = macosx;
			};
			name = Debug;
		};
		1A83078F1C33F5E100A2F204 /* Release */ = {
			isa = XCBuildConfiguration;
			buildSettings = {
				ALWAYS_SEARCH_USER_PATHS = NO;
				CLANG_CXX_LANGUAGE_STANDARD = "gnu++0x";
				CLANG_CXX_LIBRARY = "libc++";
				CLANG_ENABLE_MODULES = YES;
				CLANG_ENABLE_OBJC_ARC = YES;
				CLANG_WARN_BOOL_CONVERSION = YES;
				CLANG_WARN_CONSTANT_CONVERSION = YES;
				CLANG_WARN_DIRECT_OBJC_ISA_USAGE = YES_ERROR;
				CLANG_WARN_EMPTY_BODY = YES;
				CLANG_WARN_ENUM_CONVERSION = YES;
				CLANG_WARN_INT_CONVERSION = YES;
				CLANG_WARN_OBJC_ROOT_CLASS = YES_ERROR;
				CLANG_WARN_UNREACHABLE_CODE = YES;
				CLANG_WARN__DUPLICATE_METHOD_MATCH = YES;
				CODE_SIGN_IDENTITY = "-";
				COPY_PHASE_STRIP = NO;
				DEBUG_INFORMATION_FORMAT = "dwarf-with-dsym";
				ENABLE_NS_ASSERTIONS = NO;
				ENABLE_STRICT_OBJC_MSGSEND = YES;
				GCC_C_LANGUAGE_STANDARD = gnu99;
				GCC_NO_COMMON_BLOCKS = YES;
				GCC_WARN_64_TO_32_BIT_CONVERSION = YES;
				GCC_WARN_ABOUT_RETURN_TYPE = YES_ERROR;
				GCC_WARN_UNDECLARED_SELECTOR = YES;
				GCC_WARN_UNINITIALIZED_AUTOS = YES_AGGRESSIVE;
				GCC_WARN_UNUSED_FUNCTION = YES;
				GCC_WARN_UNUSED_VARIABLE = YES;
				MACOSX_DEPLOYMENT_TARGET = 10.11;
				MTL_ENABLE_DEBUG_INFO = NO;
				SDKROOT = macosx;
			};
			name = Release;
		};
		1A8307911C33F5E100A2F204 /* Debug */ = {
			isa = XCBuildConfiguration;
			buildSettings = {
				PRODUCT_NAME = "$(TARGET_NAME)";
			};
			name = Debug;
		};
		1A8307921C33F5E100A2F204 /* Release */ = {
			isa = XCBuildConfiguration;
			buildSettings = {
				PRODUCT_NAME = "$(TARGET_NAME)";
			};
			name = Release;
		};
		1A8307BB1C39537900A2F204 /* Debug */ = {
			isa = XCBuildConfiguration;
			buildSettings = {
				PRODUCT_NAME = "$(TARGET_NAME)";
			};
			name = Debug;
		};
		1A8307BC1C39537900A2F204 /* Release */ = {
			isa = XCBuildConfiguration;
			buildSettings = {
				PRODUCT_NAME = "$(TARGET_NAME)";
			};
			name = Release;
		};
/* End XCBuildConfiguration section */

/* Begin XCConfigurationList section */
		1A8307841C33F5E000A2F204 /* Build configuration list for PBXProject "JStudentManager" */ = {
			isa = XCConfigurationList;
			buildConfigurations = (
				1A83078E1C33F5E100A2F204 /* Debug */,
				1A83078F1C33F5E100A2F204 /* Release */,
			);
			defaultConfigurationIsVisible = 0;
			defaultConfigurationName = Release;
		};
		1A8307901C33F5E100A2F204 /* Build configuration list for PBXNativeTarget "JStudentManager" */ = {
			isa = XCConfigurationList;
			buildConfigurations = (
				1A8307911C33F5E100A2F204 /* Debug */,
				1A8307921C33F5E100A2F204 /* Release */,
			);
			defaultConfigurationIsVisible = 0;
		};
		1A8307BA1C39537900A2F204 /* Build configuration list for PBXNativeTarget "ErrorHandlerTest" */ = {
			isa = XCConfigurationList;
			buildConfigurations = (
				1A8307BB1C39537900A2F204 /* Debug */,
				1A8307BC1C39537900A2F204 /* Release */,
			);
			defaultConfigurationIsVisible = 0;
		};
/* End XCConfigurationList section */
	};
	rootObject = 1A8307811C33F5E000A2F204 /* Project object */;
}
